
Microsoft Visual Studio Solution File, Format Version 12.00
# Visual Studio Version 16
VisualStudioVersion = 16.0.30002.166
MinimumVisualStudioVersion = 10.0.40219.1
Project("{9A19103F-16F7-4668-BE54-9A1E7A4F7556}") = "simplewebserver", "simplewebserver.csproj", "{B37A5A4E-4EE8-4D27-9149-5D8527CB5303}"
EndProject
Global
	GlobalSection(SolutionConfigurationPlatforms) = preSolution
		Debug|Any CPU = Debug|Any CPU
		Release|Any CPU = Release|Any CPU
	EndGlobalSection
	GlobalSection(ProjectConfigurationPlatforms) = postSolution
		{B37A5A4E-4EE8-4D27-9149-5D8527CB5303}.Debug|Any CPU.ActiveCfg = Debug|Any CPU
		{B37A5A4E-4EE8-4D27-9149-5D8527CB5303}.Debug|Any CPU.Build.0 = Debug|Any CPU
		{B37A5A4E-4EE8-4D27-9149-5D8527CB5303}.Release|Any CPU.ActiveCfg = Release|Any CPU
		{B37A5A4E-4EE8-4D27-9149-5D8527CB5303}.Release|Any CPU.Build.0 = Release|Any CPU
	EndGlobalSection
	GlobalSection(SolutionProperties) = preSolution
		HideSolutionNode = FALSE
	EndGlobalSection
	GlobalSection(ExtensibilityGlobals) = postSolution
		SolutionGuid = {471E54F7-1A63-40D8-A704-21AE3DBDD018}
	EndGlobalSection
EndGlobal
